// !$*UTF8*$!
{
	archiveVersion = 1;
	classes = {
	};
	objectVersion = 46;
	objects = {

/* Begin PBXBuildFile section */
		381A054E1B683D4900108BE1 /* PageVC.swift in Sources */ = {isa = PBXBuildFile; fileRef = 381A054D1B683D4900108BE1 /* PageVC.swift */; };
		384482A01B6C6BAA00ADAA6C /* missing-picture.png in Resources */ = {isa = PBXBuildFile; fileRef = 3844829F1B6C6BAA00ADAA6C /* missing-picture.png */; };
		384A60071B658D3E003B481D /* ProfileVC.swift in Sources */ = {isa = PBXBuildFile; fileRef = 384A60061B658D3E003B481D /* ProfileVC.swift */; };
		386FC1AF1B6C703200E1739C /* ViewUserVC.swift in Sources */ = {isa = PBXBuildFile; fileRef = 386FC1AE1B6C703200E1739C /* ViewUserVC.swift */; };
		38938E211B68391200E85D2D /* UserListVC.swift in Sources */ = {isa = PBXBuildFile; fileRef = 38938E201B68391200E85D2D /* UserListVC.swift */; };
		3893A0471B72EBEE0016D813 /* Enum.swift in Sources */ = {isa = PBXBuildFile; fileRef = 3893A0441B72EBEE0016D813 /* Enum.swift */; };
		3893A0481B72EBEE0016D813 /* FontAwesome.otf in Resources */ = {isa = PBXBuildFile; fileRef = 3893A0451B72EBEE0016D813 /* FontAwesome.otf */; };
		3893A0491B72EBEE0016D813 /* FontAwesome.swift in Sources */ = {isa = PBXBuildFile; fileRef = 3893A0461B72EBEE0016D813 /* FontAwesome.swift */; };
		38A76FA41B685B41009B54B1 /* DEN_Logo.png in Resources */ = {isa = PBXBuildFile; fileRef = 38A76FA31B685B41009B54B1 /* DEN_Logo.png */; };
		38A76FA61B686269009B54B1 /* FBSDKCoreKit.framework in Frameworks */ = {isa = PBXBuildFile; fileRef = 38A76FA51B686269009B54B1 /* FBSDKCoreKit.framework */; };
		38C760C51B686D9C005DF586 /* FBSDKLoginKit.framework in Frameworks */ = {isa = PBXBuildFile; fileRef = 38C760C41B686D9C005DF586 /* FBSDKLoginKit.framework */; };
		38C760C71B687B3C005DF586 /* FirstCustomSegue.swift in Sources */ = {isa = PBXBuildFile; fileRef = 38C760C61B687B3C005DF586 /* FirstCustomSegue.swift */; };
		38C760C91B687E2C005DF586 /* FirstCustomSegueUnwind.swift in Sources */ = {isa = PBXBuildFile; fileRef = 38C760C81B687E2C005DF586 /* FirstCustomSegueUnwind.swift */; };
		38C760CB1B687FAE005DF586 /* UIButtonBarArrowDown.png in Resources */ = {isa = PBXBuildFile; fileRef = 38C760CA1B687FAE005DF586 /* UIButtonBarArrowDown.png */; };
		38C760CD1B687FCB005DF586 /* UIButtonBarArrowUp.png in Resources */ = {isa = PBXBuildFile; fileRef = 38C760CC1B687FCB005DF586 /* UIButtonBarArrowUp.png */; };
		38C760D01B688038005DF586 /* UIButtonBarArrowUp@2x.png in Resources */ = {isa = PBXBuildFile; fileRef = 38C760CE1B688038005DF586 /* UIButtonBarArrowUp@2x.png */; };
		38C760D11B688038005DF586 /* UIButtonBarArrowDown@2x.png in Resources */ = {isa = PBXBuildFile; fileRef = 38C760CF1B688038005DF586 /* UIButtonBarArrowDown@2x.png */; };
		38C760D61B688090005DF586 /* UIButtonBarArrowUpSmall@2x.png in Resources */ = {isa = PBXBuildFile; fileRef = 38C760D21B688090005DF586 /* UIButtonBarArrowUpSmall@2x.png */; };
		38C760D71B688090005DF586 /* UIButtonBarArrowUpSmall.png in Resources */ = {isa = PBXBuildFile; fileRef = 38C760D31B688090005DF586 /* UIButtonBarArrowUpSmall.png */; };
		38C760D81B688090005DF586 /* UIButtonBarArrowDownSmall.png in Resources */ = {isa = PBXBuildFile; fileRef = 38C760D41B688090005DF586 /* UIButtonBarArrowDownSmall.png */; };
		38C760D91B688090005DF586 /* UIButtonBarArrowDownSmall@2x.png in Resources */ = {isa = PBXBuildFile; fileRef = 38C760D51B688090005DF586 /* UIButtonBarArrowDownSmall@2x.png */; };
		38F769F21B64759F0067D0E0 /* Bolts.framework in Frameworks */ = {isa = PBXBuildFile; fileRef = 38F769F01B64759F0067D0E0 /* Bolts.framework */; };
		38F769F31B64759F0067D0E0 /* Parse.framework in Frameworks */ = {isa = PBXBuildFile; fileRef = 38F769F11B64759F0067D0E0 /* Parse.framework */; };
		638273A81B645DA80065DFAB /* SignUpVC.swift in Sources */ = {isa = PBXBuildFile; fileRef = 638273A71B645DA80065DFAB /* SignUpVC.swift */; };
		638273B61B6460490065DFAB /* AudioToolbox.framework in Frameworks */ = {isa = PBXBuildFile; fileRef = 638273AE1B6460490065DFAB /* AudioToolbox.framework */; };
		638273B71B6460490065DFAB /* CFNetwork.framework in Frameworks */ = {isa = PBXBuildFile; fileRef = 638273AF1B6460490065DFAB /* CFNetwork.framework */; };
		638273B81B6460490065DFAB /* CoreGraphics.framework in Frameworks */ = {isa = PBXBuildFile; fileRef = 638273B01B6460490065DFAB /* CoreGraphics.framework */; };
		638273B91B6460490065DFAB /* CoreLocation.framework in Frameworks */ = {isa = PBXBuildFile; fileRef = 638273B11B6460490065DFAB /* CoreLocation.framework */; };
		638273BA1B6460490065DFAB /* QuartzCore.framework in Frameworks */ = {isa = PBXBuildFile; fileRef = 638273B21B6460490065DFAB /* QuartzCore.framework */; };
		638273BB1B6460490065DFAB /* Security.framework in Frameworks */ = {isa = PBXBuildFile; fileRef = 638273B31B6460490065DFAB /* Security.framework */; };
		638273BC1B6460490065DFAB /* StoreKit.framework in Frameworks */ = {isa = PBXBuildFile; fileRef = 638273B41B6460490065DFAB /* StoreKit.framework */; };
		638273BD1B6460490065DFAB /* SystemConfiguration.framework in Frameworks */ = {isa = PBXBuildFile; fileRef = 638273B51B6460490065DFAB /* SystemConfiguration.framework */; };
		638273C01B6460C10065DFAB /* libsqlite3.dylib in Frameworks */ = {isa = PBXBuildFile; fileRef = 638273BE1B6460C10065DFAB /* libsqlite3.dylib */; };
		638273C11B6460C10065DFAB /* libz.1.dylib in Frameworks */ = {isa = PBXBuildFile; fileRef = 638273BF1B6460C10065DFAB /* libz.1.dylib */; };
		638273C41B6462610065DFAB /* CustomObject.m in Sources */ = {isa = PBXBuildFile; fileRef = 638273C31B6462610065DFAB /* CustomObject.m */; };
		638273CB1B646E5F0065DFAB /* AlertHelper.swift in Sources */ = {isa = PBXBuildFile; fileRef = 638273CA1B646E5F0065DFAB /* AlertHelper.swift */; };
		638273CF1B6472970065DFAB /* LoginVC.swift in Sources */ = {isa = PBXBuildFile; fileRef = 638273CE1B6472970065DFAB /* LoginVC.swift */; };
		6385F0481B6D9C4B0054E6FE /* LocationManager.swift in Sources */ = {isa = PBXBuildFile; fileRef = 6385F0471B6D9C4B0054E6FE /* LocationManager.swift */; };
		63A91CCD1B72E26E00AF6834 /* GoogleSignIn.bundle in Resources */ = {isa = PBXBuildFile; fileRef = 63A91CCB1B72E26E00AF6834 /* GoogleSignIn.bundle */; };
		63A91CCE1B72E26E00AF6834 /* GoogleSignIn.framework in Frameworks */ = {isa = PBXBuildFile; fileRef = 63A91CCC1B72E26E00AF6834 /* GoogleSignIn.framework */; };
		63A91CD01B72E28900AF6834 /* AddressBook.framework in Frameworks */ = {isa = PBXBuildFile; fileRef = 63A91CCF1B72E28900AF6834 /* AddressBook.framework */; };
		63B4340B1B5C49A4008C23F3 /* AppDelegate.swift in Sources */ = {isa = PBXBuildFile; fileRef = 63B4340A1B5C49A4008C23F3 /* AppDelegate.swift */; };
		63B4340D1B5C49A4008C23F3 /* ViewController.swift in Sources */ = {isa = PBXBuildFile; fileRef = 63B4340C1B5C49A4008C23F3 /* ViewController.swift */; };
		63B434101B5C49A4008C23F3 /* Main.storyboard in Resources */ = {isa = PBXBuildFile; fileRef = 63B4340E1B5C49A4008C23F3 /* Main.storyboard */; };
		63B434121B5C49A4008C23F3 /* Assets.xcassets in Resources */ = {isa = PBXBuildFile; fileRef = 63B434111B5C49A4008C23F3 /* Assets.xcassets */; };
		63B434151B5C49A4008C23F3 /* LaunchScreen.storyboard in Resources */ = {isa = PBXBuildFile; fileRef = 63B434131B5C49A4008C23F3 /* LaunchScreen.storyboard */; };
		63B434201B5C49A4008C23F3 /* DEN_watchTests.swift in Sources */ = {isa = PBXBuildFile; fileRef = 63B4341F1B5C49A4008C23F3 /* DEN_watchTests.swift */; };
		63B4342B1B5C49A4008C23F3 /* DEN_watchUITests.swift in Sources */ = {isa = PBXBuildFile; fileRef = 63B4342A1B5C49A4008C23F3 /* DEN_watchUITests.swift */; };
		63B434301B5C49A4008C23F3 /* DEN_watch WatchKit App.app in Embed Watch Content */ = {isa = PBXBuildFile; fileRef = 63B4342F1B5C49A4008C23F3 /* DEN_watch WatchKit App.app */; };
		63B434361B5C49A4008C23F3 /* Interface.storyboard in Resources */ = {isa = PBXBuildFile; fileRef = 63B434341B5C49A4008C23F3 /* Interface.storyboard */; };
		63B434381B5C49A4008C23F3 /* Assets.xcassets in Resources */ = {isa = PBXBuildFile; fileRef = 63B434371B5C49A4008C23F3 /* Assets.xcassets */; };
		63B4343F1B5C49A4008C23F3 /* DEN_watch WatchKit Extension.appex in Embed App Extensions */ = {isa = PBXBuildFile; fileRef = 63B4343E1B5C49A4008C23F3 /* DEN_watch WatchKit Extension.appex */; settings = {ATTRIBUTES = (RemoveHeadersOnCopy, ); }; };
		63B434461B5C49A4008C23F3 /* InterfaceController.swift in Sources */ = {isa = PBXBuildFile; fileRef = 63B434451B5C49A4008C23F3 /* InterfaceController.swift */; };
		63B434481B5C49A4008C23F3 /* ExtensionDelegate.swift in Sources */ = {isa = PBXBuildFile; fileRef = 63B434471B5C49A4008C23F3 /* ExtensionDelegate.swift */; };
		63B4344A1B5C49A4008C23F3 /* NotificationController.swift in Sources */ = {isa = PBXBuildFile; fileRef = 63B434491B5C49A4008C23F3 /* NotificationController.swift */; };
		63B4344C1B5C49A4008C23F3 /* Assets.xcassets in Resources */ = {isa = PBXBuildFile; fileRef = 63B4344B1B5C49A4008C23F3 /* Assets.xcassets */; };
/* End PBXBuildFile section */

/* Begin PBXContainerItemProxy section */
		63B4341C1B5C49A4008C23F3 /* PBXContainerItemProxy */ = {
			isa = PBXContainerItemProxy;
			containerPortal = 63B433FF1B5C49A4008C23F3 /* Project object */;
			proxyType = 1;
			remoteGlobalIDString = 63B434061B5C49A4008C23F3;
			remoteInfo = DEN_watch;
		};
		63B434271B5C49A4008C23F3 /* PBXContainerItemProxy */ = {
			isa = PBXContainerItemProxy;
			containerPortal = 63B433FF1B5C49A4008C23F3 /* Project object */;
			proxyType = 1;
			remoteGlobalIDString = 63B434061B5C49A4008C23F3;
			remoteInfo = DEN_watch;
		};
		63B434311B5C49A4008C23F3 /* PBXContainerItemProxy */ = {
			isa = PBXContainerItemProxy;
			containerPortal = 63B433FF1B5C49A4008C23F3 /* Project object */;
			proxyType = 1;
			remoteGlobalIDString = 63B4342E1B5C49A4008C23F3;
			remoteInfo = "DEN_watch WatchKit App";
		};
		63B434401B5C49A4008C23F3 /* PBXContainerItemProxy */ = {
			isa = PBXContainerItemProxy;
			containerPortal = 63B433FF1B5C49A4008C23F3 /* Project object */;
			proxyType = 1;
			remoteGlobalIDString = 63B4343D1B5C49A4008C23F3;
			remoteInfo = "DEN_watch WatchKit Extension";
		};
/* End PBXContainerItemProxy section */

/* Begin PBXCopyFilesBuildPhase section */
		63B434531B5C49A4008C23F3 /* Embed App Extensions */ = {
			isa = PBXCopyFilesBuildPhase;
			buildActionMask = 2147483647;
			dstPath = "";
			dstSubfolderSpec = 13;
			files = (
				63B4343F1B5C49A4008C23F3 /* DEN_watch WatchKit Extension.appex in Embed App Extensions */,
			);
			name = "Embed App Extensions";
			runOnlyForDeploymentPostprocessing = 0;
		};
		63B434571B5C49A4008C23F3 /* Embed Watch Content */ = {
			isa = PBXCopyFilesBuildPhase;
			buildActionMask = 2147483647;
			dstPath = "$(CONTENTS_FOLDER_PATH)/Watch";
			dstSubfolderSpec = 16;
			files = (
				63B434301B5C49A4008C23F3 /* DEN_watch WatchKit App.app in Embed Watch Content */,
			);
			name = "Embed Watch Content";
			runOnlyForDeploymentPostprocessing = 0;
		};
/* End PBXCopyFilesBuildPhase section */

/* Begin PBXFileReference section */
		381A054D1B683D4900108BE1 /* PageVC.swift */ = {isa = PBXFileReference; fileEncoding = 4; lastKnownFileType = sourcecode.swift; path = PageVC.swift; sourceTree = "<group>"; };
		3844829F1B6C6BAA00ADAA6C /* missing-picture.png */ = {isa = PBXFileReference; lastKnownFileType = image.png; path = "missing-picture.png"; sourceTree = "<group>"; };
		384A60061B658D3E003B481D /* ProfileVC.swift */ = {isa = PBXFileReference; fileEncoding = 4; lastKnownFileType = sourcecode.swift; path = ProfileVC.swift; sourceTree = "<group>"; };
		386FC1AE1B6C703200E1739C /* ViewUserVC.swift */ = {isa = PBXFileReference; fileEncoding = 4; lastKnownFileType = sourcecode.swift; path = ViewUserVC.swift; sourceTree = "<group>"; };
		38938E201B68391200E85D2D /* UserListVC.swift */ = {isa = PBXFileReference; fileEncoding = 4; lastKnownFileType = sourcecode.swift; path = UserListVC.swift; sourceTree = "<group>"; };
		3893A0441B72EBEE0016D813 /* Enum.swift */ = {isa = PBXFileReference; fileEncoding = 4; lastKnownFileType = sourcecode.swift; path = Enum.swift; sourceTree = "<group>"; };
		3893A0451B72EBEE0016D813 /* FontAwesome.otf */ = {isa = PBXFileReference; lastKnownFileType = file; path = FontAwesome.otf; sourceTree = "<group>"; };
		3893A0461B72EBEE0016D813 /* FontAwesome.swift */ = {isa = PBXFileReference; fileEncoding = 4; lastKnownFileType = sourcecode.swift; path = FontAwesome.swift; sourceTree = "<group>"; };
		38A76FA31B685B41009B54B1 /* DEN_Logo.png */ = {isa = PBXFileReference; lastKnownFileType = image.png; path = DEN_Logo.png; sourceTree = "<group>"; };
		38A76FA51B686269009B54B1 /* FBSDKCoreKit.framework */ = {isa = PBXFileReference; lastKnownFileType = wrapper.framework; path = FBSDKCoreKit.framework; sourceTree = "<group>"; };
		38C760C41B686D9C005DF586 /* FBSDKLoginKit.framework */ = {isa = PBXFileReference; lastKnownFileType = wrapper.framework; path = FBSDKLoginKit.framework; sourceTree = "<group>"; };
		38C760C61B687B3C005DF586 /* FirstCustomSegue.swift */ = {isa = PBXFileReference; fileEncoding = 4; lastKnownFileType = sourcecode.swift; name = FirstCustomSegue.swift; path = ../FirstCustomSegue.swift; sourceTree = "<group>"; };
		38C760C81B687E2C005DF586 /* FirstCustomSegueUnwind.swift */ = {isa = PBXFileReference; fileEncoding = 4; lastKnownFileType = sourcecode.swift; path = FirstCustomSegueUnwind.swift; sourceTree = "<group>"; };
		38C760CA1B687FAE005DF586 /* UIButtonBarArrowDown.png */ = {isa = PBXFileReference; lastKnownFileType = image.png; path = UIButtonBarArrowDown.png; sourceTree = "<group>"; };
		38C760CC1B687FCB005DF586 /* UIButtonBarArrowUp.png */ = {isa = PBXFileReference; lastKnownFileType = image.png; path = UIButtonBarArrowUp.png; sourceTree = "<group>"; };
		38C760CE1B688038005DF586 /* UIButtonBarArrowUp@2x.png */ = {isa = PBXFileReference; lastKnownFileType = image.png; path = "UIButtonBarArrowUp@2x.png"; sourceTree = "<group>"; };
		38C760CF1B688038005DF586 /* UIButtonBarArrowDown@2x.png */ = {isa = PBXFileReference; lastKnownFileType = image.png; path = "UIButtonBarArrowDown@2x.png"; sourceTree = "<group>"; };
		38C760D21B688090005DF586 /* UIButtonBarArrowUpSmall@2x.png */ = {isa = PBXFileReference; lastKnownFileType = image.png; path = "UIButtonBarArrowUpSmall@2x.png"; sourceTree = "<group>"; };
		38C760D31B688090005DF586 /* UIButtonBarArrowUpSmall.png */ = {isa = PBXFileReference; lastKnownFileType = image.png; path = UIButtonBarArrowUpSmall.png; sourceTree = "<group>"; };
		38C760D41B688090005DF586 /* UIButtonBarArrowDownSmall.png */ = {isa = PBXFileReference; lastKnownFileType = image.png; path = UIButtonBarArrowDownSmall.png; sourceTree = "<group>"; };
		38C760D51B688090005DF586 /* UIButtonBarArrowDownSmall@2x.png */ = {isa = PBXFileReference; lastKnownFileType = image.png; path = "UIButtonBarArrowDownSmall@2x.png"; sourceTree = "<group>"; };
		38F769F01B64759F0067D0E0 /* Bolts.framework */ = {isa = PBXFileReference; lastKnownFileType = wrapper.framework; path = Bolts.framework; sourceTree = "<group>"; };
		38F769F11B64759F0067D0E0 /* Parse.framework */ = {isa = PBXFileReference; lastKnownFileType = wrapper.framework; path = Parse.framework; sourceTree = "<group>"; };
		638273A71B645DA80065DFAB /* SignUpVC.swift */ = {isa = PBXFileReference; fileEncoding = 4; lastKnownFileType = sourcecode.swift; path = SignUpVC.swift; sourceTree = "<group>"; };
		638273AE1B6460490065DFAB /* AudioToolbox.framework */ = {isa = PBXFileReference; lastKnownFileType = wrapper.framework; name = AudioToolbox.framework; path = System/Library/Frameworks/AudioToolbox.framework; sourceTree = SDKROOT; };
		638273AF1B6460490065DFAB /* CFNetwork.framework */ = {isa = PBXFileReference; lastKnownFileType = wrapper.framework; name = CFNetwork.framework; path = System/Library/Frameworks/CFNetwork.framework; sourceTree = SDKROOT; };
		638273B01B6460490065DFAB /* CoreGraphics.framework */ = {isa = PBXFileReference; lastKnownFileType = wrapper.framework; name = CoreGraphics.framework; path = System/Library/Frameworks/CoreGraphics.framework; sourceTree = SDKROOT; };
		638273B11B6460490065DFAB /* CoreLocation.framework */ = {isa = PBXFileReference; lastKnownFileType = wrapper.framework; name = CoreLocation.framework; path = System/Library/Frameworks/CoreLocation.framework; sourceTree = SDKROOT; };
		638273B21B6460490065DFAB /* QuartzCore.framework */ = {isa = PBXFileReference; lastKnownFileType = wrapper.framework; name = QuartzCore.framework; path = System/Library/Frameworks/QuartzCore.framework; sourceTree = SDKROOT; };
		638273B31B6460490065DFAB /* Security.framework */ = {isa = PBXFileReference; lastKnownFileType = wrapper.framework; name = Security.framework; path = System/Library/Frameworks/Security.framework; sourceTree = SDKROOT; };
		638273B41B6460490065DFAB /* StoreKit.framework */ = {isa = PBXFileReference; lastKnownFileType = wrapper.framework; name = StoreKit.framework; path = System/Library/Frameworks/StoreKit.framework; sourceTree = SDKROOT; };
		638273B51B6460490065DFAB /* SystemConfiguration.framework */ = {isa = PBXFileReference; lastKnownFileType = wrapper.framework; name = SystemConfiguration.framework; path = System/Library/Frameworks/SystemConfiguration.framework; sourceTree = SDKROOT; };
		638273BE1B6460C10065DFAB /* libsqlite3.dylib */ = {isa = PBXFileReference; lastKnownFileType = "compiled.mach-o.dylib"; name = libsqlite3.dylib; path = /usr/lib/libsqlite3.dylib; sourceTree = "<absolute>"; };
		638273BF1B6460C10065DFAB /* libz.1.dylib */ = {isa = PBXFileReference; lastKnownFileType = "compiled.mach-o.dylib"; name = libz.1.dylib; path = /usr/lib/libz.1.dylib; sourceTree = "<absolute>"; };
		638273C21B6462610065DFAB /* DEN_watch-Bridging-Header.h */ = {isa = PBXFileReference; lastKnownFileType = sourcecode.c.h; path = "DEN_watch-Bridging-Header.h"; sourceTree = "<group>"; };
		638273C31B6462610065DFAB /* CustomObject.m */ = {isa = PBXFileReference; fileEncoding = 4; lastKnownFileType = sourcecode.c.objc; path = CustomObject.m; sourceTree = "<group>"; };
		638273CA1B646E5F0065DFAB /* AlertHelper.swift */ = {isa = PBXFileReference; fileEncoding = 4; lastKnownFileType = sourcecode.swift; path = AlertHelper.swift; sourceTree = "<group>"; };
		638273CE1B6472970065DFAB /* LoginVC.swift */ = {isa = PBXFileReference; fileEncoding = 4; lastKnownFileType = sourcecode.swift; path = LoginVC.swift; sourceTree = "<group>"; };
		6385F0471B6D9C4B0054E6FE /* LocationManager.swift */ = {isa = PBXFileReference; fileEncoding = 4; lastKnownFileType = sourcecode.swift; path = LocationManager.swift; sourceTree = "<group>"; };
		63A91CCB1B72E26E00AF6834 /* GoogleSignIn.bundle */ = {isa = PBXFileReference; lastKnownFileType = "wrapper.plug-in"; path = GoogleSignIn.bundle; sourceTree = "<group>"; };
		63A91CCC1B72E26E00AF6834 /* GoogleSignIn.framework */ = {isa = PBXFileReference; lastKnownFileType = wrapper.framework; path = GoogleSignIn.framework; sourceTree = "<group>"; };
		63A91CCF1B72E28900AF6834 /* AddressBook.framework */ = {isa = PBXFileReference; lastKnownFileType = wrapper.framework; name = AddressBook.framework; path = System/Library/Frameworks/AddressBook.framework; sourceTree = SDKROOT; };
		63B434071B5C49A4008C23F3 /* DEN_watch.app */ = {isa = PBXFileReference; explicitFileType = wrapper.application; includeInIndex = 0; path = DEN_watch.app; sourceTree = BUILT_PRODUCTS_DIR; };
		63B4340A1B5C49A4008C23F3 /* AppDelegate.swift */ = {isa = PBXFileReference; lastKnownFileType = sourcecode.swift; path = AppDelegate.swift; sourceTree = "<group>"; };
		63B4340C1B5C49A4008C23F3 /* ViewController.swift */ = {isa = PBXFileReference; lastKnownFileType = sourcecode.swift; path = ViewController.swift; sourceTree = "<group>"; };
		63B4340F1B5C49A4008C23F3 /* Base */ = {isa = PBXFileReference; lastKnownFileType = file.storyboard; name = Base; path = Base.lproj/Main.storyboard; sourceTree = "<group>"; };
		63B434111B5C49A4008C23F3 /* Assets.xcassets */ = {isa = PBXFileReference; lastKnownFileType = folder.assetcatalog; path = Assets.xcassets; sourceTree = "<group>"; };
		63B434141B5C49A4008C23F3 /* Base */ = {isa = PBXFileReference; lastKnownFileType = file.storyboard; name = Base; path = Base.lproj/LaunchScreen.storyboard; sourceTree = "<group>"; };
		63B434161B5C49A4008C23F3 /* Info.plist */ = {isa = PBXFileReference; lastKnownFileType = text.plist.xml; path = Info.plist; sourceTree = "<group>"; };
		63B4341B1B5C49A4008C23F3 /* DEN_watchTests.xctest */ = {isa = PBXFileReference; explicitFileType = wrapper.cfbundle; includeInIndex = 0; path = DEN_watchTests.xctest; sourceTree = BUILT_PRODUCTS_DIR; };
		63B4341F1B5C49A4008C23F3 /* DEN_watchTests.swift */ = {isa = PBXFileReference; lastKnownFileType = sourcecode.swift; path = DEN_watchTests.swift; sourceTree = "<group>"; };
		63B434211B5C49A4008C23F3 /* Info.plist */ = {isa = PBXFileReference; lastKnownFileType = text.plist.xml; path = Info.plist; sourceTree = "<group>"; };
		63B434261B5C49A4008C23F3 /* DEN_watchUITests.xctest */ = {isa = PBXFileReference; explicitFileType = wrapper.cfbundle; includeInIndex = 0; path = DEN_watchUITests.xctest; sourceTree = BUILT_PRODUCTS_DIR; };
		63B4342A1B5C49A4008C23F3 /* DEN_watchUITests.swift */ = {isa = PBXFileReference; lastKnownFileType = sourcecode.swift; path = DEN_watchUITests.swift; sourceTree = "<group>"; };
		63B4342C1B5C49A4008C23F3 /* Info.plist */ = {isa = PBXFileReference; lastKnownFileType = text.plist.xml; path = Info.plist; sourceTree = "<group>"; };
		63B4342F1B5C49A4008C23F3 /* DEN_watch WatchKit App.app */ = {isa = PBXFileReference; explicitFileType = wrapper.application; includeInIndex = 0; path = "DEN_watch WatchKit App.app"; sourceTree = BUILT_PRODUCTS_DIR; };
		63B434351B5C49A4008C23F3 /* Base */ = {isa = PBXFileReference; lastKnownFileType = file.storyboard; name = Base; path = Base.lproj/Interface.storyboard; sourceTree = "<group>"; };
		63B434371B5C49A4008C23F3 /* Assets.xcassets */ = {isa = PBXFileReference; lastKnownFileType = folder.assetcatalog; path = Assets.xcassets; sourceTree = "<group>"; };
		63B434391B5C49A4008C23F3 /* Info.plist */ = {isa = PBXFileReference; lastKnownFileType = text.plist.xml; path = Info.plist; sourceTree = "<group>"; };
		63B4343E1B5C49A4008C23F3 /* DEN_watch WatchKit Extension.appex */ = {isa = PBXFileReference; explicitFileType = "wrapper.app-extension"; includeInIndex = 0; path = "DEN_watch WatchKit Extension.appex"; sourceTree = BUILT_PRODUCTS_DIR; };
		63B434441B5C49A4008C23F3 /* PushNotificationPayload.apns */ = {isa = PBXFileReference; lastKnownFileType = text; path = PushNotificationPayload.apns; sourceTree = "<group>"; };
		63B434451B5C49A4008C23F3 /* InterfaceController.swift */ = {isa = PBXFileReference; lastKnownFileType = sourcecode.swift; path = InterfaceController.swift; sourceTree = "<group>"; };
		63B434471B5C49A4008C23F3 /* ExtensionDelegate.swift */ = {isa = PBXFileReference; lastKnownFileType = sourcecode.swift; path = ExtensionDelegate.swift; sourceTree = "<group>"; };
		63B434491B5C49A4008C23F3 /* NotificationController.swift */ = {isa = PBXFileReference; lastKnownFileType = sourcecode.swift; path = NotificationController.swift; sourceTree = "<group>"; };
		63B4344B1B5C49A4008C23F3 /* Assets.xcassets */ = {isa = PBXFileReference; lastKnownFileType = folder.assetcatalog; path = Assets.xcassets; sourceTree = "<group>"; };
		63B4344D1B5C49A4008C23F3 /* Info.plist */ = {isa = PBXFileReference; lastKnownFileType = text.plist.xml; path = Info.plist; sourceTree = "<group>"; };
/* End PBXFileReference section */

/* Begin PBXFrameworksBuildPhase section */
		63B434041B5C49A4008C23F3 /* Frameworks */ = {
			isa = PBXFrameworksBuildPhase;
			buildActionMask = 2147483647;
			files = (
				63A91CD01B72E28900AF6834 /* AddressBook.framework in Frameworks */,
				638273C01B6460C10065DFAB /* libsqlite3.dylib in Frameworks */,
				638273C11B6460C10065DFAB /* libz.1.dylib in Frameworks */,
				638273B61B6460490065DFAB /* AudioToolbox.framework in Frameworks */,
				638273B71B6460490065DFAB /* CFNetwork.framework in Frameworks */,
				63A91CCE1B72E26E00AF6834 /* GoogleSignIn.framework in Frameworks */,
				38C760C51B686D9C005DF586 /* FBSDKLoginKit.framework in Frameworks */,
				638273B81B6460490065DFAB /* CoreGraphics.framework in Frameworks */,
				638273B91B6460490065DFAB /* CoreLocation.framework in Frameworks */,
				638273BA1B6460490065DFAB /* QuartzCore.framework in Frameworks */,
				638273BB1B6460490065DFAB /* Security.framework in Frameworks */,
				38A76FA61B686269009B54B1 /* FBSDKCoreKit.framework in Frameworks */,
				38F769F21B64759F0067D0E0 /* Bolts.framework in Frameworks */,
				638273BC1B6460490065DFAB /* StoreKit.framework in Frameworks */,
				38F769F31B64759F0067D0E0 /* Parse.framework in Frameworks */,
				638273BD1B6460490065DFAB /* SystemConfiguration.framework in Frameworks */,
			);
			runOnlyForDeploymentPostprocessing = 0;
		};
		63B434181B5C49A4008C23F3 /* Frameworks */ = {
			isa = PBXFrameworksBuildPhase;
			buildActionMask = 2147483647;
			files = (
			);
			runOnlyForDeploymentPostprocessing = 0;
		};
		63B434231B5C49A4008C23F3 /* Frameworks */ = {
			isa = PBXFrameworksBuildPhase;
			buildActionMask = 2147483647;
			files = (
			);
			runOnlyForDeploymentPostprocessing = 0;
		};
		63B4343B1B5C49A4008C23F3 /* Frameworks */ = {
			isa = PBXFrameworksBuildPhase;
			buildActionMask = 2147483647;
			files = (
			);
			runOnlyForDeploymentPostprocessing = 0;
		};
/* End PBXFrameworksBuildPhase section */

/* Begin PBXGroup section */
		38A76FA21B685B2A009B54B1 /* Images */ = {
			isa = PBXGroup;
			children = (
				3844829F1B6C6BAA00ADAA6C /* missing-picture.png */,
				38C760D21B688090005DF586 /* UIButtonBarArrowUpSmall@2x.png */,
				38C760D31B688090005DF586 /* UIButtonBarArrowUpSmall.png */,
				38C760D41B688090005DF586 /* UIButtonBarArrowDownSmall.png */,
				38C760D51B688090005DF586 /* UIButtonBarArrowDownSmall@2x.png */,
				38C760CE1B688038005DF586 /* UIButtonBarArrowUp@2x.png */,
				38C760CF1B688038005DF586 /* UIButtonBarArrowDown@2x.png */,
				38C760CC1B687FCB005DF586 /* UIButtonBarArrowUp.png */,
				38C760CA1B687FAE005DF586 /* UIButtonBarArrowDown.png */,
				38A76FA31B685B41009B54B1 /* DEN_Logo.png */,
			);
			name = Images;
			sourceTree = "<group>";
		};
		638273C91B64640C0065DFAB /* Frameworks */ = {
			isa = PBXGroup;
			children = (
				63A91CCF1B72E28900AF6834 /* AddressBook.framework */,
				63A91CCB1B72E26E00AF6834 /* GoogleSignIn.bundle */,
				63A91CCC1B72E26E00AF6834 /* GoogleSignIn.framework */,
				38C760C41B686D9C005DF586 /* FBSDKLoginKit.framework */,
				38A76FA51B686269009B54B1 /* FBSDKCoreKit.framework */,
				38F769F01B64759F0067D0E0 /* Bolts.framework */,
				38F769F11B64759F0067D0E0 /* Parse.framework */,
				638273BF1B6460C10065DFAB /* libz.1.dylib */,
				638273BE1B6460C10065DFAB /* libsqlite3.dylib */,
				638273AE1B6460490065DFAB /* AudioToolbox.framework */,
				638273AF1B6460490065DFAB /* CFNetwork.framework */,
				638273B01B6460490065DFAB /* CoreGraphics.framework */,
				638273B11B6460490065DFAB /* CoreLocation.framework */,
				638273B21B6460490065DFAB /* QuartzCore.framework */,
				638273B31B6460490065DFAB /* Security.framework */,
				638273B41B6460490065DFAB /* StoreKit.framework */,
				638273B51B6460490065DFAB /* SystemConfiguration.framework */,
			);
			name = Frameworks;
			sourceTree = "<group>";
		};
		63B433FE1B5C49A4008C23F3 = {
			isa = PBXGroup;
			children = (
				38A76FA21B685B2A009B54B1 /* Images */,
				638273C91B64640C0065DFAB /* Frameworks */,
				63B434091B5C49A4008C23F3 /* DEN_watch */,
				63B4341E1B5C49A4008C23F3 /* DEN_watchTests */,
				63B434291B5C49A4008C23F3 /* DEN_watchUITests */,
				63B434331B5C49A4008C23F3 /* DEN_watch WatchKit App */,
				63B434421B5C49A4008C23F3 /* DEN_watch WatchKit Extension */,
				63B434081B5C49A4008C23F3 /* Products */,
			);
			sourceTree = "<group>";
		};
		63B434081B5C49A4008C23F3 /* Products */ = {
			isa = PBXGroup;
			children = (
				63B434071B5C49A4008C23F3 /* DEN_watch.app */,
				63B4341B1B5C49A4008C23F3 /* DEN_watchTests.xctest */,
				63B434261B5C49A4008C23F3 /* DEN_watchUITests.xctest */,
				63B4342F1B5C49A4008C23F3 /* DEN_watch WatchKit App.app */,
				63B4343E1B5C49A4008C23F3 /* DEN_watch WatchKit Extension.appex */,
			);
			name = Products;
			sourceTree = "<group>";
		};
		63B434091B5C49A4008C23F3 /* DEN_watch */ = {
			isa = PBXGroup;
			children = (
				3893A0441B72EBEE0016D813 /* Enum.swift */,
				3893A0451B72EBEE0016D813 /* FontAwesome.otf */,
				3893A0461B72EBEE0016D813 /* FontAwesome.swift */,
				38C760C61B687B3C005DF586 /* FirstCustomSegue.swift */,
				38C760C81B687E2C005DF586 /* FirstCustomSegueUnwind.swift */,
				63B4340A1B5C49A4008C23F3 /* AppDelegate.swift */,
				63B4340C1B5C49A4008C23F3 /* ViewController.swift */,
				63B4340E1B5C49A4008C23F3 /* Main.storyboard */,
				381A054D1B683D4900108BE1 /* PageVC.swift */,
				384A60061B658D3E003B481D /* ProfileVC.swift */,
				386FC1AE1B6C703200E1739C /* ViewUserVC.swift */,
				63B434111B5C49A4008C23F3 /* Assets.xcassets */,
				63B434131B5C49A4008C23F3 /* LaunchScreen.storyboard */,
				63B434161B5C49A4008C23F3 /* Info.plist */,
				638273A71B645DA80065DFAB /* SignUpVC.swift */,
				638273C31B6462610065DFAB /* CustomObject.m */,
				638273C21B6462610065DFAB /* DEN_watch-Bridging-Header.h */,
				638273CA1B646E5F0065DFAB /* AlertHelper.swift */,
				638273CE1B6472970065DFAB /* LoginVC.swift */,
				38938E201B68391200E85D2D /* UserListVC.swift */,
				6385F0471B6D9C4B0054E6FE /* LocationManager.swift */,
			);
			path = DEN_watch;
			sourceTree = "<group>";
		};
		63B4341E1B5C49A4008C23F3 /* DEN_watchTests */ = {
			isa = PBXGroup;
			children = (
				63B4341F1B5C49A4008C23F3 /* DEN_watchTests.swift */,
				63B434211B5C49A4008C23F3 /* Info.plist */,
			);
			path = DEN_watchTests;
			sourceTree = "<group>";
		};
		63B434291B5C49A4008C23F3 /* DEN_watchUITests */ = {
			isa = PBXGroup;
			children = (
				63B4342A1B5C49A4008C23F3 /* DEN_watchUITests.swift */,
				63B4342C1B5C49A4008C23F3 /* Info.plist */,
			);
			path = DEN_watchUITests;
			sourceTree = "<group>";
		};
		63B434331B5C49A4008C23F3 /* DEN_watch WatchKit App */ = {
			isa = PBXGroup;
			children = (
				63B434341B5C49A4008C23F3 /* Interface.storyboard */,
				63B434371B5C49A4008C23F3 /* Assets.xcassets */,
				63B434391B5C49A4008C23F3 /* Info.plist */,
			);
			path = "DEN_watch WatchKit App";
			sourceTree = "<group>";
		};
		63B434421B5C49A4008C23F3 /* DEN_watch WatchKit Extension */ = {
			isa = PBXGroup;
			children = (
				63B434451B5C49A4008C23F3 /* InterfaceController.swift */,
				63B434471B5C49A4008C23F3 /* ExtensionDelegate.swift */,
				63B434491B5C49A4008C23F3 /* NotificationController.swift */,
				63B4344B1B5C49A4008C23F3 /* Assets.xcassets */,
				63B4344D1B5C49A4008C23F3 /* Info.plist */,
				63B434431B5C49A4008C23F3 /* Supporting Files */,
			);
			path = "DEN_watch WatchKit Extension";
			sourceTree = "<group>";
		};
		63B434431B5C49A4008C23F3 /* Supporting Files */ = {
			isa = PBXGroup;
			children = (
				63B434441B5C49A4008C23F3 /* PushNotificationPayload.apns */,
			);
			name = "Supporting Files";
			sourceTree = "<group>";
		};
/* End PBXGroup section */

/* Begin PBXNativeTarget section */
		63B434061B5C49A4008C23F3 /* DEN_watch */ = {
			isa = PBXNativeTarget;
			buildConfigurationList = 63B434581B5C49A4008C23F3 /* Build configuration list for PBXNativeTarget "DEN_watch" */;
			buildPhases = (
				63B434031B5C49A4008C23F3 /* Sources */,
				63B434041B5C49A4008C23F3 /* Frameworks */,
				63B434051B5C49A4008C23F3 /* Resources */,
				63B434571B5C49A4008C23F3 /* Embed Watch Content */,
			);
			buildRules = (
			);
			dependencies = (
				63B434321B5C49A4008C23F3 /* PBXTargetDependency */,
			);
			name = DEN_watch;
			productName = DEN_watch;
			productReference = 63B434071B5C49A4008C23F3 /* DEN_watch.app */;
			productType = "com.apple.product-type.application";
		};
		63B4341A1B5C49A4008C23F3 /* DEN_watchTests */ = {
			isa = PBXNativeTarget;
			buildConfigurationList = 63B4345B1B5C49A4008C23F3 /* Build configuration list for PBXNativeTarget "DEN_watchTests" */;
			buildPhases = (
				63B434171B5C49A4008C23F3 /* Sources */,
				63B434181B5C49A4008C23F3 /* Frameworks */,
				63B434191B5C49A4008C23F3 /* Resources */,
			);
			buildRules = (
			);
			dependencies = (
				63B4341D1B5C49A4008C23F3 /* PBXTargetDependency */,
			);
			name = DEN_watchTests;
			productName = DEN_watchTests;
			productReference = 63B4341B1B5C49A4008C23F3 /* DEN_watchTests.xctest */;
			productType = "com.apple.product-type.bundle.unit-test";
		};
		63B434251B5C49A4008C23F3 /* DEN_watchUITests */ = {
			isa = PBXNativeTarget;
			buildConfigurationList = 63B4345E1B5C49A4008C23F3 /* Build configuration list for PBXNativeTarget "DEN_watchUITests" */;
			buildPhases = (
				63B434221B5C49A4008C23F3 /* Sources */,
				63B434231B5C49A4008C23F3 /* Frameworks */,
				63B434241B5C49A4008C23F3 /* Resources */,
			);
			buildRules = (
			);
			dependencies = (
				63B434281B5C49A4008C23F3 /* PBXTargetDependency */,
			);
			name = DEN_watchUITests;
			productName = DEN_watchUITests;
			productReference = 63B434261B5C49A4008C23F3 /* DEN_watchUITests.xctest */;
			productType = "com.apple.product-type.bundle.ui-testing";
		};
		63B4342E1B5C49A4008C23F3 /* DEN_watch WatchKit App */ = {
			isa = PBXNativeTarget;
			buildConfigurationList = 63B434541B5C49A4008C23F3 /* Build configuration list for PBXNativeTarget "DEN_watch WatchKit App" */;
			buildPhases = (
				63B4342D1B5C49A4008C23F3 /* Resources */,
				63B434531B5C49A4008C23F3 /* Embed App Extensions */,
			);
			buildRules = (
			);
			dependencies = (
				63B434411B5C49A4008C23F3 /* PBXTargetDependency */,
			);
			name = "DEN_watch WatchKit App";
			productName = "DEN_watch WatchKit App";
			productReference = 63B4342F1B5C49A4008C23F3 /* DEN_watch WatchKit App.app */;
			productType = "com.apple.product-type.application.watchapp2";
		};
		63B4343D1B5C49A4008C23F3 /* DEN_watch WatchKit Extension */ = {
			isa = PBXNativeTarget;
			buildConfigurationList = 63B434501B5C49A4008C23F3 /* Build configuration list for PBXNativeTarget "DEN_watch WatchKit Extension" */;
			buildPhases = (
				63B4343A1B5C49A4008C23F3 /* Sources */,
				63B4343B1B5C49A4008C23F3 /* Frameworks */,
				63B4343C1B5C49A4008C23F3 /* Resources */,
			);
			buildRules = (
			);
			dependencies = (
			);
			name = "DEN_watch WatchKit Extension";
			productName = "DEN_watch WatchKit Extension";
			productReference = 63B4343E1B5C49A4008C23F3 /* DEN_watch WatchKit Extension.appex */;
			productType = "com.apple.product-type.watchkit2-extension";
		};
/* End PBXNativeTarget section */

/* Begin PBXProject section */
		63B433FF1B5C49A4008C23F3 /* Project object */ = {
			isa = PBXProject;
			attributes = {
				LastSwiftUpdateCheck = 0700;
				LastUpgradeCheck = 0700;
				ORGANIZATIONNAME = "David Bain";
				TargetAttributes = {
					63B434061B5C49A4008C23F3 = {
						CreatedOnToolsVersion = 7.0;
						SystemCapabilities = {
							com.apple.BackgroundModes = {
								enabled = 1;
							};
						};
					};
					63B4341A1B5C49A4008C23F3 = {
						CreatedOnToolsVersion = 7.0;
						TestTargetID = 63B434061B5C49A4008C23F3;
					};
					63B434251B5C49A4008C23F3 = {
						CreatedOnToolsVersion = 7.0;
						TestTargetID = 63B434061B5C49A4008C23F3;
					};
					63B4342E1B5C49A4008C23F3 = {
						CreatedOnToolsVersion = 7.0;
					};
					63B4343D1B5C49A4008C23F3 = {
						CreatedOnToolsVersion = 7.0;
					};
				};
			};
			buildConfigurationList = 63B434021B5C49A4008C23F3 /* Build configuration list for PBXProject "DEN_watch" */;
			compatibilityVersion = "Xcode 3.2";
			developmentRegion = English;
			hasScannedForEncodings = 0;
			knownRegions = (
				en,
				Base,
			);
			mainGroup = 63B433FE1B5C49A4008C23F3;
			productRefGroup = 63B434081B5C49A4008C23F3 /* Products */;
			projectDirPath = "";
			projectRoot = "";
			targets = (
				63B434061B5C49A4008C23F3 /* DEN_watch */,
				63B4341A1B5C49A4008C23F3 /* DEN_watchTests */,
				63B434251B5C49A4008C23F3 /* DEN_watchUITests */,
				63B4342E1B5C49A4008C23F3 /* DEN_watch WatchKit App */,
				63B4343D1B5C49A4008C23F3 /* DEN_watch WatchKit Extension */,
			);
		};
/* End PBXProject section */

/* Begin PBXResourcesBuildPhase section */
		63B434051B5C49A4008C23F3 /* Resources */ = {
			isa = PBXResourcesBuildPhase;
			buildActionMask = 2147483647;
			files = (
				38C760D71B688090005DF586 /* UIButtonBarArrowUpSmall.png in Resources */,
				38C760D81B688090005DF586 /* UIButtonBarArrowDownSmall.png in Resources */,
				38C760CD1B687FCB005DF586 /* UIButtonBarArrowUp.png in Resources */,
				63B434151B5C49A4008C23F3 /* LaunchScreen.storyboard in Resources */,
				38C760D91B688090005DF586 /* UIButtonBarArrowDownSmall@2x.png in Resources */,
				384482A01B6C6BAA00ADAA6C /* missing-picture.png in Resources */,
				38C760D11B688038005DF586 /* UIButtonBarArrowDown@2x.png in Resources */,
				63B434121B5C49A4008C23F3 /* Assets.xcassets in Resources */,
				38A76FA41B685B41009B54B1 /* DEN_Logo.png in Resources */,
				38C760D01B688038005DF586 /* UIButtonBarArrowUp@2x.png in Resources */,
				3893A0481B72EBEE0016D813 /* FontAwesome.otf in Resources */,
				38C760CB1B687FAE005DF586 /* UIButtonBarArrowDown.png in Resources */,
				38C760D61B688090005DF586 /* UIButtonBarArrowUpSmall@2x.png in Resources */,
				63A91CCD1B72E26E00AF6834 /* GoogleSignIn.bundle in Resources */,
				63B434101B5C49A4008C23F3 /* Main.storyboard in Resources */,
			);
			runOnlyForDeploymentPostprocessing = 0;
		};
		63B434191B5C49A4008C23F3 /* Resources */ = {
			isa = PBXResourcesBuildPhase;
			buildActionMask = 2147483647;
			files = (
			);
			runOnlyForDeploymentPostprocessing = 0;
		};
		63B434241B5C49A4008C23F3 /* Resources */ = {
			isa = PBXResourcesBuildPhase;
			buildActionMask = 2147483647;
			files = (
			);
			runOnlyForDeploymentPostprocessing = 0;
		};
		63B4342D1B5C49A4008C23F3 /* Resources */ = {
			isa = PBXResourcesBuildPhase;
			buildActionMask = 2147483647;
			files = (
				63B434381B5C49A4008C23F3 /* Assets.xcassets in Resources */,
				63B434361B5C49A4008C23F3 /* Interface.storyboard in Resources */,
			);
			runOnlyForDeploymentPostprocessing = 0;
		};
		63B4343C1B5C49A4008C23F3 /* Resources */ = {
			isa = PBXResourcesBuildPhase;
			buildActionMask = 2147483647;
			files = (
				63B4344C1B5C49A4008C23F3 /* Assets.xcassets in Resources */,
			);
			runOnlyForDeploymentPostprocessing = 0;
		};
/* End PBXResourcesBuildPhase section */

/* Begin PBXSourcesBuildPhase section */
		63B434031B5C49A4008C23F3 /* Sources */ = {
			isa = PBXSourcesBuildPhase;
			buildActionMask = 2147483647;
			files = (
				63B4340D1B5C49A4008C23F3 /* ViewController.swift in Sources */,
				638273A81B645DA80065DFAB /* SignUpVC.swift in Sources */,
				384A60071B658D3E003B481D /* ProfileVC.swift in Sources */,
				638273CF1B6472970065DFAB /* LoginVC.swift in Sources */,
				3893A0471B72EBEE0016D813 /* Enum.swift in Sources */,
				63B4340B1B5C49A4008C23F3 /* AppDelegate.swift in Sources */,
				638273CB1B646E5F0065DFAB /* AlertHelper.swift in Sources */,
				386FC1AF1B6C703200E1739C /* ViewUserVC.swift in Sources */,
				638273C41B6462610065DFAB /* CustomObject.m in Sources */,
				38C760C91B687E2C005DF586 /* FirstCustomSegueUnwind.swift in Sources */,
				3893A0491B72EBEE0016D813 /* FontAwesome.swift in Sources */,
				381A054E1B683D4900108BE1 /* PageVC.swift in Sources */,
				38938E211B68391200E85D2D /* UserListVC.swift in Sources */,
				38C760C71B687B3C005DF586 /* FirstCustomSegue.swift in Sources */,
				6385F0481B6D9C4B0054E6FE /* LocationManager.swift in Sources */,
			);
			runOnlyForDeploymentPostprocessing = 0;
		};
		63B434171B5C49A4008C23F3 /* Sources */ = {
			isa = PBXSourcesBuildPhase;
			buildActionMask = 2147483647;
			files = (
				63B434201B5C49A4008C23F3 /* DEN_watchTests.swift in Sources */,
			);
			runOnlyForDeploymentPostprocessing = 0;
		};
		63B434221B5C49A4008C23F3 /* Sources */ = {
			isa = PBXSourcesBuildPhase;
			buildActionMask = 2147483647;
			files = (
				63B4342B1B5C49A4008C23F3 /* DEN_watchUITests.swift in Sources */,
			);
			runOnlyForDeploymentPostprocessing = 0;
		};
		63B4343A1B5C49A4008C23F3 /* Sources */ = {
			isa = PBXSourcesBuildPhase;
			buildActionMask = 2147483647;
			files = (
				63B4344A1B5C49A4008C23F3 /* NotificationController.swift in Sources */,
				63B434481B5C49A4008C23F3 /* ExtensionDelegate.swift in Sources */,
				63B434461B5C49A4008C23F3 /* InterfaceController.swift in Sources */,
			);
			runOnlyForDeploymentPostprocessing = 0;
		};
/* End PBXSourcesBuildPhase section */

/* Begin PBXTargetDependency section */
		63B4341D1B5C49A4008C23F3 /* PBXTargetDependency */ = {
			isa = PBXTargetDependency;
			target = 63B434061B5C49A4008C23F3 /* DEN_watch */;
			targetProxy = 63B4341C1B5C49A4008C23F3 /* PBXContainerItemProxy */;
		};
		63B434281B5C49A4008C23F3 /* PBXTargetDependency */ = {
			isa = PBXTargetDependency;
			target = 63B434061B5C49A4008C23F3 /* DEN_watch */;
			targetProxy = 63B434271B5C49A4008C23F3 /* PBXContainerItemProxy */;
		};
		63B434321B5C49A4008C23F3 /* PBXTargetDependency */ = {
			isa = PBXTargetDependency;
			target = 63B4342E1B5C49A4008C23F3 /* DEN_watch WatchKit App */;
			targetProxy = 63B434311B5C49A4008C23F3 /* PBXContainerItemProxy */;
		};
		63B434411B5C49A4008C23F3 /* PBXTargetDependency */ = {
			isa = PBXTargetDependency;
			target = 63B4343D1B5C49A4008C23F3 /* DEN_watch WatchKit Extension */;
			targetProxy = 63B434401B5C49A4008C23F3 /* PBXContainerItemProxy */;
		};
/* End PBXTargetDependency section */

/* Begin PBXVariantGroup section */
		63B4340E1B5C49A4008C23F3 /* Main.storyboard */ = {
			isa = PBXVariantGroup;
			children = (
				63B4340F1B5C49A4008C23F3 /* Base */,
			);
			name = Main.storyboard;
			sourceTree = "<group>";
		};
		63B434131B5C49A4008C23F3 /* LaunchScreen.storyboard */ = {
			isa = PBXVariantGroup;
			children = (
				63B434141B5C49A4008C23F3 /* Base */,
			);
			name = LaunchScreen.storyboard;
			sourceTree = "<group>";
		};
		63B434341B5C49A4008C23F3 /* Interface.storyboard */ = {
			isa = PBXVariantGroup;
			children = (
				63B434351B5C49A4008C23F3 /* Base */,
			);
			name = Interface.storyboard;
			sourceTree = "<group>";
		};
/* End PBXVariantGroup section */

/* Begin XCBuildConfiguration section */
		63B4344E1B5C49A4008C23F3 /* Debug */ = {
			isa = XCBuildConfiguration;
			buildSettings = {
				ALWAYS_SEARCH_USER_PATHS = NO;
				CLANG_CXX_LANGUAGE_STANDARD = "gnu++0x";
				CLANG_CXX_LIBRARY = "libc++";
				CLANG_ENABLE_MODULES = YES;
				CLANG_ENABLE_OBJC_ARC = YES;
				CLANG_WARN_BOOL_CONVERSION = YES;
				CLANG_WARN_CONSTANT_CONVERSION = YES;
				CLANG_WARN_DIRECT_OBJC_ISA_USAGE = YES_ERROR;
				CLANG_WARN_EMPTY_BODY = YES;
				CLANG_WARN_ENUM_CONVERSION = YES;
				CLANG_WARN_INT_CONVERSION = YES;
				CLANG_WARN_OBJC_ROOT_CLASS = YES_ERROR;
				CLANG_WARN_UNREACHABLE_CODE = YES;
				CLANG_WARN__DUPLICATE_METHOD_MATCH = YES;
				"CODE_SIGN_IDENTITY[sdk=iphoneos*]" = "iPhone Developer";
				COPY_PHASE_STRIP = NO;
				DEBUG_INFORMATION_FORMAT = dwarf;
				ENABLE_STRICT_OBJC_MSGSEND = YES;
				ENABLE_TESTABILITY = YES;
				GCC_C_LANGUAGE_STANDARD = gnu99;
				GCC_DYNAMIC_NO_PIC = NO;
				GCC_NO_COMMON_BLOCKS = YES;
				GCC_OPTIMIZATION_LEVEL = 0;
				GCC_PREPROCESSOR_DEFINITIONS = (
					"DEBUG=1",
					"$(inherited)",
				);
				GCC_WARN_64_TO_32_BIT_CONVERSION = YES;
				GCC_WARN_ABOUT_RETURN_TYPE = YES_ERROR;
				GCC_WARN_UNDECLARED_SELECTOR = YES;
				GCC_WARN_UNINITIALIZED_AUTOS = YES_AGGRESSIVE;
				GCC_WARN_UNUSED_FUNCTION = YES;
				GCC_WARN_UNUSED_VARIABLE = YES;
				IPHONEOS_DEPLOYMENT_TARGET = 9.0;
				MTL_ENABLE_DEBUG_INFO = YES;
				ONLY_ACTIVE_ARCH = YES;
				SDKROOT = iphoneos;
				SWIFT_OPTIMIZATION_LEVEL = "-Onone";
			};
			name = Debug;
		};
		63B4344F1B5C49A4008C23F3 /* Release */ = {
			isa = XCBuildConfiguration;
			buildSettings = {
				ALWAYS_SEARCH_USER_PATHS = NO;
				CLANG_CXX_LANGUAGE_STANDARD = "gnu++0x";
				CLANG_CXX_LIBRARY = "libc++";
				CLANG_ENABLE_MODULES = YES;
				CLANG_ENABLE_OBJC_ARC = YES;
				CLANG_WARN_BOOL_CONVERSION = YES;
				CLANG_WARN_CONSTANT_CONVERSION = YES;
				CLANG_WARN_DIRECT_OBJC_ISA_USAGE = YES_ERROR;
				CLANG_WARN_EMPTY_BODY = YES;
				CLANG_WARN_ENUM_CONVERSION = YES;
				CLANG_WARN_INT_CONVERSION = YES;
				CLANG_WARN_OBJC_ROOT_CLASS = YES_ERROR;
				CLANG_WARN_UNREACHABLE_CODE = YES;
				CLANG_WARN__DUPLICATE_METHOD_MATCH = YES;
				"CODE_SIGN_IDENTITY[sdk=iphoneos*]" = "iPhone Developer";
				COPY_PHASE_STRIP = NO;
				DEBUG_INFORMATION_FORMAT = "dwarf-with-dsym";
				ENABLE_NS_ASSERTIONS = NO;
				ENABLE_STRICT_OBJC_MSGSEND = YES;
				GCC_C_LANGUAGE_STANDARD = gnu99;
				GCC_NO_COMMON_BLOCKS = YES;
				GCC_WARN_64_TO_32_BIT_CONVERSION = YES;
				GCC_WARN_ABOUT_RETURN_TYPE = YES_ERROR;
				GCC_WARN_UNDECLARED_SELECTOR = YES;
				GCC_WARN_UNINITIALIZED_AUTOS = YES_AGGRESSIVE;
				GCC_WARN_UNUSED_FUNCTION = YES;
				GCC_WARN_UNUSED_VARIABLE = YES;
				IPHONEOS_DEPLOYMENT_TARGET = 9.0;
				MTL_ENABLE_DEBUG_INFO = NO;
				SDKROOT = iphoneos;
				VALIDATE_PRODUCT = YES;
			};
			name = Release;
		};
		63B434511B5C49A4008C23F3 /* Debug */ = {
			isa = XCBuildConfiguration;
			buildSettings = {
				INFOPLIST_FILE = "DEN_watch WatchKit Extension/Info.plist";
				LD_RUNPATH_SEARCH_PATHS = "$(inherited) @executable_path/Frameworks @executable_path/../../Frameworks";
				PRODUCT_BUNDLE_IDENTIFIER = "edu.dartmouth.den.DEN-watch.watchkitapp.watchkitextension";
				PRODUCT_NAME = "${TARGET_NAME}";
				SDKROOT = watchos;
				SKIP_INSTALL = YES;
				TARGETED_DEVICE_FAMILY = 4;
				WATCHOS_DEPLOYMENT_TARGET = 2.0;
			};
			name = Debug;
		};
		63B434521B5C49A4008C23F3 /* Release */ = {
			isa = XCBuildConfiguration;
			buildSettings = {
				INFOPLIST_FILE = "DEN_watch WatchKit Extension/Info.plist";
				LD_RUNPATH_SEARCH_PATHS = "$(inherited) @executable_path/Frameworks @executable_path/../../Frameworks";
				PRODUCT_BUNDLE_IDENTIFIER = "edu.dartmouth.den.DEN-watch.watchkitapp.watchkitextension";
				PRODUCT_NAME = "${TARGET_NAME}";
				SDKROOT = watchos;
				SKIP_INSTALL = YES;
				TARGETED_DEVICE_FAMILY = 4;
				WATCHOS_DEPLOYMENT_TARGET = 2.0;
			};
			name = Release;
		};
		63B434551B5C49A4008C23F3 /* Debug */ = {
			isa = XCBuildConfiguration;
			buildSettings = {
				ASSETCATALOG_COMPILER_APPICON_NAME = AppIcon;
				EMBEDDED_CONTENT_CONTAINS_SWIFT = YES;
				IBSC_MODULE = DEN_watch_WatchKit_Extension;
				INFOPLIST_FILE = "DEN_watch WatchKit App/Info.plist";
				PRODUCT_BUNDLE_IDENTIFIER = "edu.dartmouth.den.DEN-watch.watchkitapp";
				PRODUCT_NAME = "$(TARGET_NAME)";
				SDKROOT = watchos;
				SKIP_INSTALL = YES;
				TARGETED_DEVICE_FAMILY = 4;
				WATCHOS_DEPLOYMENT_TARGET = 2.0;
			};
			name = Debug;
		};
		63B434561B5C49A4008C23F3 /* Release */ = {
			isa = XCBuildConfiguration;
			buildSettings = {
				ASSETCATALOG_COMPILER_APPICON_NAME = AppIcon;
				EMBEDDED_CONTENT_CONTAINS_SWIFT = YES;
				IBSC_MODULE = DEN_watch_WatchKit_Extension;
				INFOPLIST_FILE = "DEN_watch WatchKit App/Info.plist";
				PRODUCT_BUNDLE_IDENTIFIER = "edu.dartmouth.den.DEN-watch.watchkitapp";
				PRODUCT_NAME = "$(TARGET_NAME)";
				SDKROOT = watchos;
				SKIP_INSTALL = YES;
				TARGETED_DEVICE_FAMILY = 4;
				WATCHOS_DEPLOYMENT_TARGET = 2.0;
			};
			name = Release;
		};
		63B434591B5C49A4008C23F3 /* Debug */ = {
			isa = XCBuildConfiguration;
			buildSettings = {
				ASSETCATALOG_COMPILER_APPICON_NAME = AppIcon;
				CLANG_ENABLE_MODULES = YES;
				FRAMEWORK_SEARCH_PATHS = (
					"$(PROJECT_DIR)/**",
					"$(PROJECT_DIR)",
				);
				INFOPLIST_FILE = DEN_watch/Info.plist;
				IPHONEOS_DEPLOYMENT_TARGET = 8.3;
				LD_RUNPATH_SEARCH_PATHS = "$(inherited) @executable_path/Frameworks";
				PRODUCT_BUNDLE_IDENTIFIER = "edu.dartmouth.den.DEN-watch";
				PRODUCT_NAME = "$(TARGET_NAME)";
				SWIFT_OBJC_BRIDGING_HEADER = "DEN_watch/DEN_watch-Bridging-Header.h";
				SWIFT_OPTIMIZATION_LEVEL = "-Onone";
			};
			name = Debug;
		};
		63B4345A1B5C49A4008C23F3 /* Release */ = {
			isa = XCBuildConfiguration;
			buildSettings = {
				ASSETCATALOG_COMPILER_APPICON_NAME = AppIcon;
				CLANG_ENABLE_MODULES = YES;
				FRAMEWORK_SEARCH_PATHS = (
					"$(PROJECT_DIR)/**",
					"$(PROJECT_DIR)",
				);
				INFOPLIST_FILE = DEN_watch/Info.plist;
				IPHONEOS_DEPLOYMENT_TARGET = 8.3;
				LD_RUNPATH_SEARCH_PATHS = "$(inherited) @executable_path/Frameworks";
				PRODUCT_BUNDLE_IDENTIFIER = "edu.dartmouth.den.DEN-watch";
				PRODUCT_NAME = "$(TARGET_NAME)";
				SWIFT_OBJC_BRIDGING_HEADER = "DEN_watch/DEN_watch-Bridging-Header.h";
			};
			name = Release;
		};
		63B4345C1B5C49A4008C23F3 /* Debug */ = {
			isa = XCBuildConfiguration;
			buildSettings = {
				BUNDLE_LOADER = "$(TEST_HOST)";
				INFOPLIST_FILE = DEN_watchTests/Info.plist;
				LD_RUNPATH_SEARCH_PATHS = "$(inherited) @executable_path/Frameworks @loader_path/Frameworks";
				PRODUCT_BUNDLE_IDENTIFIER = "edu.dartmouth.den.DEN-watchTests";
				PRODUCT_NAME = "$(TARGET_NAME)";
				TEST_HOST = "$(BUILT_PRODUCTS_DIR)/DEN_watch.app/DEN_watch";
			};
			name = Debug;
		};
		63B4345D1B5C49A4008C23F3 /* Release */ = {
			isa = XCBuildConfiguration;
			buildSettings = {
				BUNDLE_LOADER = "$(TEST_HOST)";
				INFOPLIST_FILE = DEN_watchTests/Info.plist;
				LD_RUNPATH_SEARCH_PATHS = "$(inherited) @executable_path/Frameworks @loader_path/Frameworks";
				PRODUCT_BUNDLE_IDENTIFIER = "edu.dartmouth.den.DEN-watchTests";
				PRODUCT_NAME = "$(TARGET_NAME)";
				TEST_HOST = "$(BUILT_PRODUCTS_DIR)/DEN_watch.app/DEN_watch";
			};
			name = Release;
		};
		63B4345F1B5C49A4008C23F3 /* Debug */ = {
			isa = XCBuildConfiguration;
			buildSettings = {
				INFOPLIST_FILE = DEN_watchUITests/Info.plist;
				LD_RUNPATH_SEARCH_PATHS = "$(inherited) @executable_path/Frameworks @loader_path/Frameworks";
				PRODUCT_BUNDLE_IDENTIFIER = "edu.dartmouth.den.DEN-watchUITests";
				PRODUCT_NAME = "$(TARGET_NAME)";
				TEST_TARGET_NAME = DEN_watch;
				USES_XCTRUNNER = YES;
			};
			name = Debug;
		};
		63B434601B5C49A4008C23F3 /* Release */ = {
			isa = XCBuildConfiguration;
			buildSettings = {
				INFOPLIST_FILE = DEN_watchUITests/Info.plist;
				LD_RUNPATH_SEARCH_PATHS = "$(inherited) @executable_path/Frameworks @loader_path/Frameworks";
				PRODUCT_BUNDLE_IDENTIFIER = "edu.dartmouth.den.DEN-watchUITests";
				PRODUCT_NAME = "$(TARGET_NAME)";
				TEST_TARGET_NAME = DEN_watch;
				USES_XCTRUNNER = YES;
			};
			name = Release;
		};
/* End XCBuildConfiguration section */

/* Begin XCConfigurationList section */
		63B434021B5C49A4008C23F3 /* Build configuration list for PBXProject "DEN_watch" */ = {
			isa = XCConfigurationList;
			buildConfigurations = (
				63B4344E1B5C49A4008C23F3 /* Debug */,
				63B4344F1B5C49A4008C23F3 /* Release */,
			);
			defaultConfigurationIsVisible = 0;
			defaultConfigurationName = Release;
		};
		63B434501B5C49A4008C23F3 /* Build configuration list for PBXNativeTarget "DEN_watch WatchKit Extension" */ = {
			isa = XCConfigurationList;
			buildConfigurations = (
				63B434511B5C49A4008C23F3 /* Debug */,
				63B434521B5C49A4008C23F3 /* Release */,
			);
			defaultConfigurationIsVisible = 0;
			defaultConfigurationName = Release;
		};
		63B434541B5C49A4008C23F3 /* Build configuration list for PBXNativeTarget "DEN_watch WatchKit App" */ = {
			isa = XCConfigurationList;
			buildConfigurations = (
				63B434551B5C49A4008C23F3 /* Debug */,
				63B434561B5C49A4008C23F3 /* Release */,
			);
			defaultConfigurationIsVisible = 0;
			defaultConfigurationName = Release;
		};
		63B434581B5C49A4008C23F3 /* Build configuration list for PBXNativeTarget "DEN_watch" */ = {
			isa = XCConfigurationList;
			buildConfigurations = (
				63B434591B5C49A4008C23F3 /* Debug */,
				63B4345A1B5C49A4008C23F3 /* Release */,
			);
			defaultConfigurationIsVisible = 0;
			defaultConfigurationName = Release;
		};
		63B4345B1B5C49A4008C23F3 /* Build configuration list for PBXNativeTarget "DEN_watchTests" */ = {
			isa = XCConfigurationList;
			buildConfigurations = (
				63B4345C1B5C49A4008C23F3 /* Debug */,
				63B4345D1B5C49A4008C23F3 /* Release */,
			);
			defaultConfigurationIsVisible = 0;
			defaultConfigurationName = Release;
		};
		63B4345E1B5C49A4008C23F3 /* Build configuration list for PBXNativeTarget "DEN_watchUITests" */ = {
			isa = XCConfigurationList;
			buildConfigurations = (
				63B4345F1B5C49A4008C23F3 /* Debug */,
				63B434601B5C49A4008C23F3 /* Release */,
			);
			defaultConfigurationIsVisible = 0;
			defaultConfigurationName = Release;
		};
/* End XCConfigurationList section */
	};
	rootObject = 63B433FF1B5C49A4008C23F3 /* Project object */;
}
